
Microsoft Visual Studio Solution File, Format Version 12.00
# Visual Studio Version 17
VisualStudioVersion = 17.10.34916.146
MinimumVisualStudioVersion = 10.0.40219.1
Project("{2150E333-8FDC-42A3-9474-1A3956D46DE8}") = "src", "src", "{93170552-5ADE-4715-A2AC-CFBBF81BD4D5}"
EndProject
Project("{2150E333-8FDC-42A3-9474-1A3956D46DE8}") = "Identity", "Identity", "{D32A205C-5537-43EF-9FEA-94C089B644B4}"
EndProject
Project("{9A19103F-16F7-4668-BE54-9A1E7A4F7556}") = "ChooseRole.Lambda", "src\Identity\ChooseRole.Lambda\ChooseRole.Lambda.csproj", "{5A1BDDDB-F879-4FCB-B67A-5EE2E1A417A9}"
EndProject
Project("{2150E333-8FDC-42A3-9474-1A3956D46DE8}") = "ApiGateway", "ApiGateway", "{14EF9C2B-D6F8-4A81-A8DE-07E6FF16F2AC}"
EndProject
Project("{2150E333-8FDC-42A3-9474-1A3956D46DE8}") = "Common", "Common", "{C4AFDF62-A244-4574-94EB-47493C698838}"
EndProject
Project("{9A19103F-16F7-4668-BE54-9A1E7A4F7556}") = "Common.Layer", "src\Common\Common\Common.Layer.csproj", "{CB6592B1-B0E6-4590-B82C-C28D0FBD20A1}"
EndProject
Project("{2150E333-8FDC-42A3-9474-1A3956D46DE8}") = "FreelancerProfile", "FreelancerProfile", "{C02880A3-4CFF-431E-ABC1-DAE86A1E7E3C}"
EndProject
Project("{9A19103F-16F7-4668-BE54-9A1E7A4F7556}") = "FreelancerProfile.Domain", "src\FreelancerProfile\FreelancerProfile.Domain\FreelancerProfile.Domain.csproj", "{E23FEC87-64AD-4510-8848-518D8FF33F81}"
EndProject
Project("{2150E333-8FDC-42A3-9474-1A3956D46DE8}") = "FreelancerProfile.Application", "FreelancerProfile.Application", "{1BEF25D7-F7A5-4A51-B5C9-C06BB4131032}"
EndProject
Project("{2150E333-8FDC-42A3-9474-1A3956D46DE8}") = "FreelancerProfile.Persistence", "FreelancerProfile.Persistence", "{3C82F7E9-F5FE-443C-BAD9-D7686B335AA1}"
EndProject
Project("{9A19103F-16F7-4668-BE54-9A1E7A4F7556}") = "EventStore", "src\FreelancerProfile\FreelancerProfile.Persistence\WriteModel\EventStore.csproj", "{2B80BE24-1F0C-4349-BF78-536DFBD3EFF3}"
EndProject
Project("{2150E333-8FDC-42A3-9474-1A3956D46DE8}") = "Commands", "Commands", "{A7843793-E23B-488D-8CFC-EF40D1FA8821}"
EndProject
Project("{9A19103F-16F7-4668-BE54-9A1E7A4F7556}") = "FreelancerCommands.Lambda", "src\FreelancerProfile\FreelancerProfile.Application\Commands\Freelancer.Lambda\FreelancerCommands.Lambda.csproj", "{9AC46E04-4FA1-447B-B626-0F00AFF2657C}"
EndProject
Project("{2150E333-8FDC-42A3-9474-1A3956D46DE8}") = "EventBus", "EventBus", "{BE2E3259-C28D-4450-B2CA-B8FA3BB42FC8}"
EndProject
Project("{9A19103F-16F7-4668-BE54-9A1E7A4F7556}") = "EventBus", "src\EventBus\EventBus\EventBus.csproj", "{D53FED0C-AF7A-42E6-90EA-688426B9DA2B}"
EndProject
Project("{2150E333-8FDC-42A3-9474-1A3956D46DE8}") = "Queries", "Queries", "{488328B2-D206-49A5-9D21-F6C509FD6167}"
EndProject
Project("{2150E333-8FDC-42A3-9474-1A3956D46DE8}") = "ReadModelSync", "ReadModelSync", "{9BD2635D-315C-44DF-8D73-C32F5BD5FFE9}"
EndProject
Project("{9A19103F-16F7-4668-BE54-9A1E7A4F7556}") = "CDCDispatcher.Lambda", "src\FreelancerProfile\FreelancerProfile.Application\Queries\CDCDispatcher.Lambda\CDCDispatcher.Lambda.csproj", "{34539908-F024-4407-B683-8DA5595D99C3}"
EndProject
Project("{9A19103F-16F7-4668-BE54-9A1E7A4F7556}") = "SyncEventHandlers.Lambda", "src\FreelancerProfile\FreelancerProfile.Application\Queries\SyncEventHandlers.Lambda\SyncEventHandlers.Lambda.csproj", "{BA38BD3F-AC5C-43B1-A8A0-08631C05D876}"
EndProject
Project("{9A19103F-16F7-4668-BE54-9A1E7A4F7556}") = "ReadModel", "src\FreelancerProfile\FreelancerProfile.Application\Queries\ReadModel\ReadModel.csproj", "{37F30018-44CB-41F5-8506-20B0DC8ED2A0}"
EndProject
Project("{9A19103F-16F7-4668-BE54-9A1E7A4F7556}") = "FreelancerProfile.ReadModelStore", "src\FreelancerProfile\FreelancerProfile.Persistence\ReadModelStore\FreelancerProfile.ReadModelStore.csproj", "{1211D2E8-04B4-470D-85E1-D5F5F5C245D2}"
EndProject
Project("{9A19103F-16F7-4668-BE54-9A1E7A4F7556}") = "SeedRun", "src\Common\SeedRun\SeedRun.csproj", "{D5B9DAB1-D221-4D3C-A1AB-92D9F24A00C1}"
EndProject
Project("{9A19103F-16F7-4668-BE54-9A1E7A4F7556}") = "FreelancerQueries.Lambda", "src\FreelancerProfile\FreelancerProfile.Application\Queries\FreelancerQueries.Lambda\FreelancerQueries.Lambda.csproj", "{61908A6D-662F-45B6-9526-878730A86DCF}"
EndProject
Project("{9A19103F-16F7-4668-BE54-9A1E7A4F7556}") = "EducationCommands.Lambda", "src\FreelancerProfile\FreelancerProfile.Application\Commands\Education.Lambda\EducationCommands.Lambda\EducationCommands.Lambda.csproj", "{CAA41441-1A88-499E-943A-CC46C5D77FAC}"
EndProject
Project("{9A19103F-16F7-4668-BE54-9A1E7A4F7556}") = "EmploymentCommands.Lambda", "src\FreelancerProfile\FreelancerProfile.Application\Commands\Employment.Lambda\EmploymentCommands.Lambda\EmploymentCommands.Lambda.csproj", "{467AE75A-7B28-44CF-AF0B-37E68E9D4EB9}"
EndProject
Project("{9A19103F-16F7-4668-BE54-9A1E7A4F7556}") = "CertificationCommands.Lambda", "src\FreelancerProfile\FreelancerProfile.Application\Commands\Cert.Lambda\CertificationCommands.Lambda\CertificationCommands.Lambda.csproj", "{AF7F2A9A-2A25-4637-AE68-14D59FDFF8B2}"
EndProject
Project("{9A19103F-16F7-4668-BE54-9A1E7A4F7556}") = "FreelancerProfile.IntegrationTests", "src\FreelancerProfile\FreelancerProfile.IntegrationTests\FreelancerProfile.IntegrationTests.csproj", "{82CC88FE-33FC-4CD1-BA4B-86ACA10988A9}"
EndProject
Project("{2150E333-8FDC-42A3-9474-1A3956D46DE8}") = "ClientProfile", "ClientProfile", "{CF144A10-D79B-4B5B-860E-94BE13C6B0D9}"
EndProject
Project("{9A19103F-16F7-4668-BE54-9A1E7A4F7556}") = "ClientProfile.Lambda", "src\ClientProfile\ClientProfile.Lambda\ClientProfile.Lambda.csproj", "{728CA707-9D03-4C65-AA25-6B0E600E865C}"
EndProject
Project("{9A19103F-16F7-4668-BE54-9A1E7A4F7556}") = "ClientProfile.IntegrationTests", "src\ClientProfile\ClientProfile.IntegrationTests\ClientProfile.IntegrationTests.csproj", "{B0B1485E-2562-4E97-8FEB-5F6D6DB9EFF5}"
EndProject
Project("{9A19103F-16F7-4668-BE54-9A1E7A4F7556}") = "SharedQueries.Lambda", "src\FreelancerProfile\FreelancerProfile.Application\Queries\SharedQueries.Lambda\SharedQueries.Lambda.csproj", "{3F5A9E4D-F53D-4C4F-BC7F-7CA0EA6353E3}"
EndProject
Project("{2150E333-8FDC-42A3-9474-1A3956D46DE8}") = "JobManagement", "JobManagement", "{AAD0A45E-EF59-43DF-A650-D9BE24663589}"
EndProject
Project("{9A19103F-16F7-4668-BE54-9A1E7A4F7556}") = "JobManagement.API", "src\JobManagement\JobManagement.API\JobManagement.API.csproj", "{4E0B51FD-23D3-40A8-BB31-4C65955B1E96}"
EndProject
Project("{9A19103F-16F7-4668-BE54-9A1E7A4F7556}") = "JobManagement.Application.Commands", "src\JobManagement\JobManagement.Application\JobManagement.Application.Commands.csproj", "{3A4013D2-543E-4D7F-A31F-7CFA729EE103}"
EndProject
Project("{9A19103F-16F7-4668-BE54-9A1E7A4F7556}") = "JobManagement.Domain", "src\JobManagement\JobManagement.Domain\JobManagement.Domain.csproj", "{DF16ECAF-B933-4994-BA72-3C91AB062526}"
EndProject
Project("{9A19103F-16F7-4668-BE54-9A1E7A4F7556}") = "JobManagement.Infrastructure", "src\JobManagement\JobManagement.Infrastructure\JobManagement.Infrastructure.csproj", "{1102BD5B-70D6-4854-BA11-4D9BEEEE1C98}"
EndProject
Project("{2150E333-8FDC-42A3-9474-1A3956D46DE8}") = "JobManagement.Queries", "JobManagement.Queries", "{AF41FBA1-7925-4E25-9E9D-3596678CE12B}"
EndProject
Project("{2150E333-8FDC-42A3-9474-1A3956D46DE8}") = "ReadModelSync", "ReadModelSync", "{39744DA5-FCC3-4689-B01D-88CB81B2EF40}"
EndProject
Project("{9A19103F-16F7-4668-BE54-9A1E7A4F7556}") = "CDCDispatcher.Lambda", "src\JobManagement\JobManagement.Queries\CDCDispatcher.Lambda\CDCDispatcher.Lambda.csproj", "{304A784C-F9C8-4570-B513-0B337C2A9E35}"
EndProject
Project("{9A19103F-16F7-4668-BE54-9A1E7A4F7556}") = "SyncEventHandlers.Lambda", "src\JobManagement\JobManagement.Queries\SyncEventHandlers.Lambda\SyncEventHandlers.Lambda.csproj", "{16737E3E-18C3-437F-AC74-3DE9B838BDB9}"
EndProject
Project("{9A19103F-16F7-4668-BE54-9A1E7A4F7556}") = "JobManagement.ReadModel", "src\JobManagement\JobManagement.Queries\ReadModel\JobManagement.ReadModel.csproj", "{3557C343-1EFA-48E2-AFC7-28F5B4FC2A8B}"
EndProject
Project("{22325025-CDA3-4736-83CB-2D32D2FCC215}") = "Queries.CloudFormation", "src\JobManagement\JobManagement.Queries\Queries.CloudFormation\Queries.CloudFormation.cfproj", "{99999999-9999-9999-9999-999999999999}"
EndProject
Project("{9A19103F-16F7-4668-BE54-9A1E7A4F7556}") = "JobManagement.ReadModelStore", "src\JobManagement\JobManagement.Queries\ReadModelStore\JobManagement.ReadModelStore.csproj", "{2430B5F1-3D84-4ECC-9FC1-C79FEC2E7E0C}"
EndProject
Project("{22325025-CDA3-4736-83CB-2D32D2FCC215}") = "JobManagement.CloudFormation", "src\JobManagement\JobManagement.CloudFormation\JobManagement.CloudFormation.cfproj", "{96F7C6A3-BACB-42BC-9BCD-771EA705F376}"
EndProject
Project("{9A19103F-16F7-4668-BE54-9A1E7A4F7556}") = "JobManagement.Queries.Lambda", "src\JobManagement\JobManagement.Queries\JobManagement.Queries.Lambda\JobManagement.Queries.Lambda.csproj", "{66D2BD8B-250A-4E7C-AD44-47E2D4A94200}"
EndProject
Project("{2150E333-8FDC-42A3-9474-1A3956D46DE8}") = "DistibutedTransactions", "DistibutedTransactions", "{99C3DDDC-888B-492A-A522-6EB8D43F5480}"
EndProject
Project("{2150E333-8FDC-42A3-9474-1A3956D46DE8}") = "ReserveCredits", "ReserveCredits", "{36C2DB19-FE4E-4647-BE45-F8F365545CA4}"
EndProject
Project("{9A19103F-16F7-4668-BE54-9A1E7A4F7556}") = "ReserveCredits.Lambda", "src\DistributedTransactions\ReserveCredits\ReserveCredits.Lambda\ReserveCredits.Lambda.csproj", "{5BBD82B3-9E54-471B-8BFE-0B5C28813336}"
EndProject
Project("{9A19103F-16F7-4668-BE54-9A1E7A4F7556}") = "ApiGateway.Aggregator.Lambda", "src\ApiGateway\ApiGateway.Aggregator.Lambda\ApiGateway.Aggregator.Lambda.csproj", "{D080C178-A4E4-4B0B-AAAB-2ACB2B92154B}"
EndProject
Project("{2150E333-8FDC-42A3-9474-1A3956D46DE8}") = "RealTime", "RealTime", "{FD0C7944-E5CA-449D-A482-7F7CB9123C60}"
EndProject
Project("{22325025-CDA3-4736-83CB-2D32D2FCC215}") = "RealTime.CloudFormation", "src\RealTime\RealTime.CloudFormation\RealTime.CloudFormation.cfproj", "{6475C303-429B-434D-8B1E-8FCD0193C301}"
EndProject
Project("{9A19103F-16F7-4668-BE54-9A1E7A4F7556}") = "RealTime.Chat", "src\RealTime\RealTime.Chat\RealTime.Chat\RealTime.Chat.csproj", "{5D702343-FB09-4B6A-B149-B531F890841A}"
EndProject
Project("{2150E333-8FDC-42A3-9474-1A3956D46DE8}") = "RealTime", "RealTime", "{F36498B9-E361-4554-A7F8-B85341AD0F6F}"
EndProject
Project("{2150E333-8FDC-42A3-9474-1A3956D46DE8}") = "InitialMessageSent", "InitialMessageSent", "{D24C1CB6-192B-44E3-A3B0-F74FD911ECD3}"
EndProject
Project("{9A19103F-16F7-4668-BE54-9A1E7A4F7556}") = "InitialMessageSent.Lambda", "src\DistributedTransactions\InitialMessageSent\InitialMessageSent.Lambda\InitialMessageSent.Lambda.csproj", "{2536366B-8AE4-46FF-9156-E6D4E52EEDE6}"
EndProject
Project("{9A19103F-16F7-4668-BE54-9A1E7A4F7556}") = "RealTime.Chat.Persistence", "src\RealTime\RealTime.Chat\RealTime.Chat.Persistence\RealTime.Chat.Persistence.csproj", "{A5AE1F5F-0BFA-46D2-B47B-221B7DDE07F7}"
EndProject
Project("{9A19103F-16F7-4668-BE54-9A1E7A4F7556}") = "ClientProfile.Persistence", "src\ClientProfile\ClientProfile.Persistence\ClientProfile.Persistence.csproj", "{D2981801-820E-4DFF-8D2F-B0065B3A63FE}"
EndProject
Project("{2150E333-8FDC-42A3-9474-1A3956D46DE8}") = "FeedbackManagement", "FeedbackManagement", "{A30C2695-6BAB-4ED8-ADA2-2AB34442834A}"
EndProject
Project("{9A19103F-16F7-4668-BE54-9A1E7A4F7556}") = "FeedbackManagement.Lambda", "src\FeedbackManagement\FeedbackManagement.Lambda\FeedbackManagement.Lambda.csproj", "{07A9AF18-E92D-45C6-B8C0-8DC77B53E384}"
EndProject
Project("{FAE04EC0-301F-11D3-BF4B-00C04F79EFBC}") = "FeedbackManagement.Persistence", "src\FeedbackManagement\FeedbackManagement.Persistence\FeedbackManagement.Persistence.csproj", "{580896B9-8AF6-48BF-8705-A2C8F290B743}"
EndProject
Global
	GlobalSection(SolutionConfigurationPlatforms) = preSolution
		Debug|Any CPU = Debug|Any CPU
		Debug|x86 = Debug|x86
		Release|Any CPU = Release|Any CPU
		Release|x86 = Release|x86
	EndGlobalSection
	GlobalSection(ProjectConfigurationPlatforms) = postSolution
		{5A1BDDDB-F879-4FCB-B67A-5EE2E1A417A9}.Debug|Any CPU.ActiveCfg = Debug|Any CPU
		{5A1BDDDB-F879-4FCB-B67A-5EE2E1A417A9}.Debug|Any CPU.Build.0 = Debug|Any CPU
		{5A1BDDDB-F879-4FCB-B67A-5EE2E1A417A9}.Debug|x86.ActiveCfg = Debug|Any CPU
		{5A1BDDDB-F879-4FCB-B67A-5EE2E1A417A9}.Debug|x86.Build.0 = Debug|Any CPU
		{5A1BDDDB-F879-4FCB-B67A-5EE2E1A417A9}.Release|Any CPU.ActiveCfg = Release|Any CPU
		{5A1BDDDB-F879-4FCB-B67A-5EE2E1A417A9}.Release|Any CPU.Build.0 = Release|Any CPU
		{5A1BDDDB-F879-4FCB-B67A-5EE2E1A417A9}.Release|x86.ActiveCfg = Release|Any CPU
		{5A1BDDDB-F879-4FCB-B67A-5EE2E1A417A9}.Release|x86.Build.0 = Release|Any CPU
		{CB6592B1-B0E6-4590-B82C-C28D0FBD20A1}.Debug|Any CPU.ActiveCfg = Debug|Any CPU
		{CB6592B1-B0E6-4590-B82C-C28D0FBD20A1}.Debug|Any CPU.Build.0 = Debug|Any CPU
		{CB6592B1-B0E6-4590-B82C-C28D0FBD20A1}.Debug|x86.ActiveCfg = Debug|Any CPU
		{CB6592B1-B0E6-4590-B82C-C28D0FBD20A1}.Debug|x86.Build.0 = Debug|Any CPU
		{CB6592B1-B0E6-4590-B82C-C28D0FBD20A1}.Release|Any CPU.ActiveCfg = Release|Any CPU
		{CB6592B1-B0E6-4590-B82C-C28D0FBD20A1}.Release|Any CPU.Build.0 = Release|Any CPU
		{CB6592B1-B0E6-4590-B82C-C28D0FBD20A1}.Release|x86.ActiveCfg = Release|Any CPU
		{CB6592B1-B0E6-4590-B82C-C28D0FBD20A1}.Release|x86.Build.0 = Release|Any CPU
		{E23FEC87-64AD-4510-8848-518D8FF33F81}.Debug|Any CPU.ActiveCfg = Debug|Any CPU
		{E23FEC87-64AD-4510-8848-518D8FF33F81}.Debug|Any CPU.Build.0 = Debug|Any CPU
		{E23FEC87-64AD-4510-8848-518D8FF33F81}.Debug|x86.ActiveCfg = Debug|Any CPU
		{E23FEC87-64AD-4510-8848-518D8FF33F81}.Debug|x86.Build.0 = Debug|Any CPU
		{E23FEC87-64AD-4510-8848-518D8FF33F81}.Release|Any CPU.ActiveCfg = Release|Any CPU
		{E23FEC87-64AD-4510-8848-518D8FF33F81}.Release|Any CPU.Build.0 = Release|Any CPU
		{E23FEC87-64AD-4510-8848-518D8FF33F81}.Release|x86.ActiveCfg = Release|Any CPU
		{E23FEC87-64AD-4510-8848-518D8FF33F81}.Release|x86.Build.0 = Release|Any CPU
		{2B80BE24-1F0C-4349-BF78-536DFBD3EFF3}.Debug|Any CPU.ActiveCfg = Debug|Any CPU
		{2B80BE24-1F0C-4349-BF78-536DFBD3EFF3}.Debug|Any CPU.Build.0 = Debug|Any CPU
		{2B80BE24-1F0C-4349-BF78-536DFBD3EFF3}.Debug|x86.ActiveCfg = Debug|Any CPU
		{2B80BE24-1F0C-4349-BF78-536DFBD3EFF3}.Debug|x86.Build.0 = Debug|Any CPU
		{2B80BE24-1F0C-4349-BF78-536DFBD3EFF3}.Release|Any CPU.ActiveCfg = Release|Any CPU
		{2B80BE24-1F0C-4349-BF78-536DFBD3EFF3}.Release|Any CPU.Build.0 = Release|Any CPU
		{2B80BE24-1F0C-4349-BF78-536DFBD3EFF3}.Release|x86.ActiveCfg = Release|Any CPU
		{2B80BE24-1F0C-4349-BF78-536DFBD3EFF3}.Release|x86.Build.0 = Release|Any CPU
		{9AC46E04-4FA1-447B-B626-0F00AFF2657C}.Debug|Any CPU.ActiveCfg = Debug|Any CPU
		{9AC46E04-4FA1-447B-B626-0F00AFF2657C}.Debug|Any CPU.Build.0 = Debug|Any CPU
		{9AC46E04-4FA1-447B-B626-0F00AFF2657C}.Debug|x86.ActiveCfg = Debug|Any CPU
		{9AC46E04-4FA1-447B-B626-0F00AFF2657C}.Debug|x86.Build.0 = Debug|Any CPU
		{9AC46E04-4FA1-447B-B626-0F00AFF2657C}.Release|Any CPU.ActiveCfg = Release|Any CPU
		{9AC46E04-4FA1-447B-B626-0F00AFF2657C}.Release|Any CPU.Build.0 = Release|Any CPU
		{9AC46E04-4FA1-447B-B626-0F00AFF2657C}.Release|x86.ActiveCfg = Release|Any CPU
		{9AC46E04-4FA1-447B-B626-0F00AFF2657C}.Release|x86.Build.0 = Release|Any CPU
		{D53FED0C-AF7A-42E6-90EA-688426B9DA2B}.Debug|Any CPU.ActiveCfg = Debug|Any CPU
		{D53FED0C-AF7A-42E6-90EA-688426B9DA2B}.Debug|Any CPU.Build.0 = Debug|Any CPU
		{D53FED0C-AF7A-42E6-90EA-688426B9DA2B}.Debug|x86.ActiveCfg = Debug|Any CPU
		{D53FED0C-AF7A-42E6-90EA-688426B9DA2B}.Debug|x86.Build.0 = Debug|Any CPU
		{D53FED0C-AF7A-42E6-90EA-688426B9DA2B}.Release|Any CPU.ActiveCfg = Release|Any CPU
		{D53FED0C-AF7A-42E6-90EA-688426B9DA2B}.Release|Any CPU.Build.0 = Release|Any CPU
		{D53FED0C-AF7A-42E6-90EA-688426B9DA2B}.Release|x86.ActiveCfg = Release|Any CPU
		{D53FED0C-AF7A-42E6-90EA-688426B9DA2B}.Release|x86.Build.0 = Release|Any CPU
		{34539908-F024-4407-B683-8DA5595D99C3}.Debug|Any CPU.ActiveCfg = Debug|Any CPU
		{34539908-F024-4407-B683-8DA5595D99C3}.Debug|Any CPU.Build.0 = Debug|Any CPU
		{34539908-F024-4407-B683-8DA5595D99C3}.Debug|x86.ActiveCfg = Debug|Any CPU
		{34539908-F024-4407-B683-8DA5595D99C3}.Debug|x86.Build.0 = Debug|Any CPU
		{34539908-F024-4407-B683-8DA5595D99C3}.Release|Any CPU.ActiveCfg = Release|Any CPU
		{34539908-F024-4407-B683-8DA5595D99C3}.Release|Any CPU.Build.0 = Release|Any CPU
		{34539908-F024-4407-B683-8DA5595D99C3}.Release|x86.ActiveCfg = Release|Any CPU
		{34539908-F024-4407-B683-8DA5595D99C3}.Release|x86.Build.0 = Release|Any CPU
		{BA38BD3F-AC5C-43B1-A8A0-08631C05D876}.Debug|Any CPU.ActiveCfg = Debug|Any CPU
		{BA38BD3F-AC5C-43B1-A8A0-08631C05D876}.Debug|Any CPU.Build.0 = Debug|Any CPU
		{BA38BD3F-AC5C-43B1-A8A0-08631C05D876}.Debug|x86.ActiveCfg = Debug|Any CPU
		{BA38BD3F-AC5C-43B1-A8A0-08631C05D876}.Debug|x86.Build.0 = Debug|Any CPU
		{BA38BD3F-AC5C-43B1-A8A0-08631C05D876}.Release|Any CPU.ActiveCfg = Release|Any CPU
		{BA38BD3F-AC5C-43B1-A8A0-08631C05D876}.Release|Any CPU.Build.0 = Release|Any CPU
		{BA38BD3F-AC5C-43B1-A8A0-08631C05D876}.Release|x86.ActiveCfg = Release|Any CPU
		{BA38BD3F-AC5C-43B1-A8A0-08631C05D876}.Release|x86.Build.0 = Release|Any CPU
		{37F30018-44CB-41F5-8506-20B0DC8ED2A0}.Debug|Any CPU.ActiveCfg = Debug|Any CPU
		{37F30018-44CB-41F5-8506-20B0DC8ED2A0}.Debug|Any CPU.Build.0 = Debug|Any CPU
		{37F30018-44CB-41F5-8506-20B0DC8ED2A0}.Debug|x86.ActiveCfg = Debug|Any CPU
		{37F30018-44CB-41F5-8506-20B0DC8ED2A0}.Debug|x86.Build.0 = Debug|Any CPU
		{37F30018-44CB-41F5-8506-20B0DC8ED2A0}.Release|Any CPU.ActiveCfg = Release|Any CPU
		{37F30018-44CB-41F5-8506-20B0DC8ED2A0}.Release|Any CPU.Build.0 = Release|Any CPU
		{37F30018-44CB-41F5-8506-20B0DC8ED2A0}.Release|x86.ActiveCfg = Release|Any CPU
		{37F30018-44CB-41F5-8506-20B0DC8ED2A0}.Release|x86.Build.0 = Release|Any CPU
		{1211D2E8-04B4-470D-85E1-D5F5F5C245D2}.Debug|Any CPU.ActiveCfg = Debug|Any CPU
		{1211D2E8-04B4-470D-85E1-D5F5F5C245D2}.Debug|Any CPU.Build.0 = Debug|Any CPU
		{1211D2E8-04B4-470D-85E1-D5F5F5C245D2}.Debug|x86.ActiveCfg = Debug|Any CPU
		{1211D2E8-04B4-470D-85E1-D5F5F5C245D2}.Debug|x86.Build.0 = Debug|Any CPU
		{1211D2E8-04B4-470D-85E1-D5F5F5C245D2}.Release|Any CPU.ActiveCfg = Release|Any CPU
		{1211D2E8-04B4-470D-85E1-D5F5F5C245D2}.Release|Any CPU.Build.0 = Release|Any CPU
		{1211D2E8-04B4-470D-85E1-D5F5F5C245D2}.Release|x86.ActiveCfg = Release|Any CPU
		{1211D2E8-04B4-470D-85E1-D5F5F5C245D2}.Release|x86.Build.0 = Release|Any CPU
		{D5B9DAB1-D221-4D3C-A1AB-92D9F24A00C1}.Debug|Any CPU.ActiveCfg = Debug|Any CPU
		{D5B9DAB1-D221-4D3C-A1AB-92D9F24A00C1}.Debug|Any CPU.Build.0 = Debug|Any CPU
		{D5B9DAB1-D221-4D3C-A1AB-92D9F24A00C1}.Debug|x86.ActiveCfg = Debug|Any CPU
		{D5B9DAB1-D221-4D3C-A1AB-92D9F24A00C1}.Debug|x86.Build.0 = Debug|Any CPU
		{D5B9DAB1-D221-4D3C-A1AB-92D9F24A00C1}.Release|Any CPU.ActiveCfg = Release|Any CPU
		{D5B9DAB1-D221-4D3C-A1AB-92D9F24A00C1}.Release|Any CPU.Build.0 = Release|Any CPU
		{D5B9DAB1-D221-4D3C-A1AB-92D9F24A00C1}.Release|x86.ActiveCfg = Release|Any CPU
		{D5B9DAB1-D221-4D3C-A1AB-92D9F24A00C1}.Release|x86.Build.0 = Release|Any CPU
		{61908A6D-662F-45B6-9526-878730A86DCF}.Debug|Any CPU.ActiveCfg = Debug|Any CPU
		{61908A6D-662F-45B6-9526-878730A86DCF}.Debug|Any CPU.Build.0 = Debug|Any CPU
		{61908A6D-662F-45B6-9526-878730A86DCF}.Debug|x86.ActiveCfg = Debug|Any CPU
		{61908A6D-662F-45B6-9526-878730A86DCF}.Debug|x86.Build.0 = Debug|Any CPU
		{61908A6D-662F-45B6-9526-878730A86DCF}.Release|Any CPU.ActiveCfg = Release|Any CPU
		{61908A6D-662F-45B6-9526-878730A86DCF}.Release|Any CPU.Build.0 = Release|Any CPU
		{61908A6D-662F-45B6-9526-878730A86DCF}.Release|x86.ActiveCfg = Release|Any CPU
		{61908A6D-662F-45B6-9526-878730A86DCF}.Release|x86.Build.0 = Release|Any CPU
		{CAA41441-1A88-499E-943A-CC46C5D77FAC}.Debug|Any CPU.ActiveCfg = Debug|Any CPU
		{CAA41441-1A88-499E-943A-CC46C5D77FAC}.Debug|Any CPU.Build.0 = Debug|Any CPU
		{CAA41441-1A88-499E-943A-CC46C5D77FAC}.Debug|x86.ActiveCfg = Debug|Any CPU
		{CAA41441-1A88-499E-943A-CC46C5D77FAC}.Debug|x86.Build.0 = Debug|Any CPU
		{CAA41441-1A88-499E-943A-CC46C5D77FAC}.Release|Any CPU.ActiveCfg = Release|Any CPU
		{CAA41441-1A88-499E-943A-CC46C5D77FAC}.Release|Any CPU.Build.0 = Release|Any CPU
		{CAA41441-1A88-499E-943A-CC46C5D77FAC}.Release|x86.ActiveCfg = Release|Any CPU
		{CAA41441-1A88-499E-943A-CC46C5D77FAC}.Release|x86.Build.0 = Release|Any CPU
		{467AE75A-7B28-44CF-AF0B-37E68E9D4EB9}.Debug|Any CPU.ActiveCfg = Debug|Any CPU
		{467AE75A-7B28-44CF-AF0B-37E68E9D4EB9}.Debug|Any CPU.Build.0 = Debug|Any CPU
		{467AE75A-7B28-44CF-AF0B-37E68E9D4EB9}.Debug|x86.ActiveCfg = Debug|Any CPU
		{467AE75A-7B28-44CF-AF0B-37E68E9D4EB9}.Debug|x86.Build.0 = Debug|Any CPU
		{467AE75A-7B28-44CF-AF0B-37E68E9D4EB9}.Release|Any CPU.ActiveCfg = Release|Any CPU
		{467AE75A-7B28-44CF-AF0B-37E68E9D4EB9}.Release|Any CPU.Build.0 = Release|Any CPU
		{467AE75A-7B28-44CF-AF0B-37E68E9D4EB9}.Release|x86.ActiveCfg = Release|Any CPU
		{467AE75A-7B28-44CF-AF0B-37E68E9D4EB9}.Release|x86.Build.0 = Release|Any CPU
		{AF7F2A9A-2A25-4637-AE68-14D59FDFF8B2}.Debug|Any CPU.ActiveCfg = Debug|Any CPU
		{AF7F2A9A-2A25-4637-AE68-14D59FDFF8B2}.Debug|Any CPU.Build.0 = Debug|Any CPU
		{AF7F2A9A-2A25-4637-AE68-14D59FDFF8B2}.Debug|x86.ActiveCfg = Debug|Any CPU
		{AF7F2A9A-2A25-4637-AE68-14D59FDFF8B2}.Debug|x86.Build.0 = Debug|Any CPU
		{AF7F2A9A-2A25-4637-AE68-14D59FDFF8B2}.Release|Any CPU.ActiveCfg = Release|Any CPU
		{AF7F2A9A-2A25-4637-AE68-14D59FDFF8B2}.Release|Any CPU.Build.0 = Release|Any CPU
		{AF7F2A9A-2A25-4637-AE68-14D59FDFF8B2}.Release|x86.ActiveCfg = Release|Any CPU
		{AF7F2A9A-2A25-4637-AE68-14D59FDFF8B2}.Release|x86.Build.0 = Release|Any CPU
		{82CC88FE-33FC-4CD1-BA4B-86ACA10988A9}.Debug|Any CPU.ActiveCfg = Debug|Any CPU
		{82CC88FE-33FC-4CD1-BA4B-86ACA10988A9}.Debug|Any CPU.Build.0 = Debug|Any CPU
		{82CC88FE-33FC-4CD1-BA4B-86ACA10988A9}.Debug|x86.ActiveCfg = Debug|Any CPU
		{82CC88FE-33FC-4CD1-BA4B-86ACA10988A9}.Debug|x86.Build.0 = Debug|Any CPU
		{82CC88FE-33FC-4CD1-BA4B-86ACA10988A9}.Release|Any CPU.ActiveCfg = Release|Any CPU
		{82CC88FE-33FC-4CD1-BA4B-86ACA10988A9}.Release|Any CPU.Build.0 = Release|Any CPU
		{82CC88FE-33FC-4CD1-BA4B-86ACA10988A9}.Release|x86.ActiveCfg = Release|Any CPU
		{82CC88FE-33FC-4CD1-BA4B-86ACA10988A9}.Release|x86.Build.0 = Release|Any CPU
		{728CA707-9D03-4C65-AA25-6B0E600E865C}.Debug|Any CPU.ActiveCfg = Debug|Any CPU
		{728CA707-9D03-4C65-AA25-6B0E600E865C}.Debug|Any CPU.Build.0 = Debug|Any CPU
		{728CA707-9D03-4C65-AA25-6B0E600E865C}.Debug|x86.ActiveCfg = Debug|Any CPU
		{728CA707-9D03-4C65-AA25-6B0E600E865C}.Debug|x86.Build.0 = Debug|Any CPU
		{728CA707-9D03-4C65-AA25-6B0E600E865C}.Release|Any CPU.ActiveCfg = Release|Any CPU
		{728CA707-9D03-4C65-AA25-6B0E600E865C}.Release|Any CPU.Build.0 = Release|Any CPU
		{728CA707-9D03-4C65-AA25-6B0E600E865C}.Release|x86.ActiveCfg = Release|Any CPU
		{728CA707-9D03-4C65-AA25-6B0E600E865C}.Release|x86.Build.0 = Release|Any CPU
		{B0B1485E-2562-4E97-8FEB-5F6D6DB9EFF5}.Debug|Any CPU.ActiveCfg = Debug|Any CPU
		{B0B1485E-2562-4E97-8FEB-5F6D6DB9EFF5}.Debug|Any CPU.Build.0 = Debug|Any CPU
		{B0B1485E-2562-4E97-8FEB-5F6D6DB9EFF5}.Debug|x86.ActiveCfg = Debug|Any CPU
		{B0B1485E-2562-4E97-8FEB-5F6D6DB9EFF5}.Debug|x86.Build.0 = Debug|Any CPU
		{B0B1485E-2562-4E97-8FEB-5F6D6DB9EFF5}.Release|Any CPU.ActiveCfg = Release|Any CPU
		{B0B1485E-2562-4E97-8FEB-5F6D6DB9EFF5}.Release|Any CPU.Build.0 = Release|Any CPU
		{B0B1485E-2562-4E97-8FEB-5F6D6DB9EFF5}.Release|x86.ActiveCfg = Release|Any CPU
		{B0B1485E-2562-4E97-8FEB-5F6D6DB9EFF5}.Release|x86.Build.0 = Release|Any CPU
		{3F5A9E4D-F53D-4C4F-BC7F-7CA0EA6353E3}.Debug|Any CPU.ActiveCfg = Debug|Any CPU
		{3F5A9E4D-F53D-4C4F-BC7F-7CA0EA6353E3}.Debug|Any CPU.Build.0 = Debug|Any CPU
		{3F5A9E4D-F53D-4C4F-BC7F-7CA0EA6353E3}.Debug|x86.ActiveCfg = Debug|Any CPU
		{3F5A9E4D-F53D-4C4F-BC7F-7CA0EA6353E3}.Debug|x86.Build.0 = Debug|Any CPU
		{3F5A9E4D-F53D-4C4F-BC7F-7CA0EA6353E3}.Release|Any CPU.ActiveCfg = Release|Any CPU
		{3F5A9E4D-F53D-4C4F-BC7F-7CA0EA6353E3}.Release|Any CPU.Build.0 = Release|Any CPU
		{3F5A9E4D-F53D-4C4F-BC7F-7CA0EA6353E3}.Release|x86.ActiveCfg = Release|Any CPU
		{3F5A9E4D-F53D-4C4F-BC7F-7CA0EA6353E3}.Release|x86.Build.0 = Release|Any CPU
		{4E0B51FD-23D3-40A8-BB31-4C65955B1E96}.Debug|Any CPU.ActiveCfg = Debug|Any CPU
		{4E0B51FD-23D3-40A8-BB31-4C65955B1E96}.Debug|Any CPU.Build.0 = Debug|Any CPU
		{4E0B51FD-23D3-40A8-BB31-4C65955B1E96}.Debug|x86.ActiveCfg = Debug|Any CPU
		{4E0B51FD-23D3-40A8-BB31-4C65955B1E96}.Debug|x86.Build.0 = Debug|Any CPU
		{4E0B51FD-23D3-40A8-BB31-4C65955B1E96}.Release|Any CPU.ActiveCfg = Release|Any CPU
		{4E0B51FD-23D3-40A8-BB31-4C65955B1E96}.Release|Any CPU.Build.0 = Release|Any CPU
		{4E0B51FD-23D3-40A8-BB31-4C65955B1E96}.Release|x86.ActiveCfg = Release|Any CPU
		{4E0B51FD-23D3-40A8-BB31-4C65955B1E96}.Release|x86.Build.0 = Release|Any CPU
		{3A4013D2-543E-4D7F-A31F-7CFA729EE103}.Debug|Any CPU.ActiveCfg = Debug|Any CPU
		{3A4013D2-543E-4D7F-A31F-7CFA729EE103}.Debug|Any CPU.Build.0 = Debug|Any CPU
		{3A4013D2-543E-4D7F-A31F-7CFA729EE103}.Debug|x86.ActiveCfg = Debug|Any CPU
		{3A4013D2-543E-4D7F-A31F-7CFA729EE103}.Debug|x86.Build.0 = Debug|Any CPU
		{3A4013D2-543E-4D7F-A31F-7CFA729EE103}.Release|Any CPU.ActiveCfg = Release|Any CPU
		{3A4013D2-543E-4D7F-A31F-7CFA729EE103}.Release|Any CPU.Build.0 = Release|Any CPU
		{3A4013D2-543E-4D7F-A31F-7CFA729EE103}.Release|x86.ActiveCfg = Release|Any CPU
		{3A4013D2-543E-4D7F-A31F-7CFA729EE103}.Release|x86.Build.0 = Release|Any CPU
		{DF16ECAF-B933-4994-BA72-3C91AB062526}.Debug|Any CPU.ActiveCfg = Debug|Any CPU
		{DF16ECAF-B933-4994-BA72-3C91AB062526}.Debug|Any CPU.Build.0 = Debug|Any CPU
		{DF16ECAF-B933-4994-BA72-3C91AB062526}.Debug|x86.ActiveCfg = Debug|Any CPU
		{DF16ECAF-B933-4994-BA72-3C91AB062526}.Debug|x86.Build.0 = Debug|Any CPU
		{DF16ECAF-B933-4994-BA72-3C91AB062526}.Release|Any CPU.ActiveCfg = Release|Any CPU
		{DF16ECAF-B933-4994-BA72-3C91AB062526}.Release|Any CPU.Build.0 = Release|Any CPU
		{DF16ECAF-B933-4994-BA72-3C91AB062526}.Release|x86.ActiveCfg = Release|Any CPU
		{DF16ECAF-B933-4994-BA72-3C91AB062526}.Release|x86.Build.0 = Release|Any CPU
		{1102BD5B-70D6-4854-BA11-4D9BEEEE1C98}.Debug|Any CPU.ActiveCfg = Debug|Any CPU
		{1102BD5B-70D6-4854-BA11-4D9BEEEE1C98}.Debug|Any CPU.Build.0 = Debug|Any CPU
		{1102BD5B-70D6-4854-BA11-4D9BEEEE1C98}.Debug|x86.ActiveCfg = Debug|Any CPU
		{1102BD5B-70D6-4854-BA11-4D9BEEEE1C98}.Debug|x86.Build.0 = Debug|Any CPU
		{1102BD5B-70D6-4854-BA11-4D9BEEEE1C98}.Release|Any CPU.ActiveCfg = Release|Any CPU
		{1102BD5B-70D6-4854-BA11-4D9BEEEE1C98}.Release|Any CPU.Build.0 = Release|Any CPU
		{1102BD5B-70D6-4854-BA11-4D9BEEEE1C98}.Release|x86.ActiveCfg = Release|Any CPU
		{1102BD5B-70D6-4854-BA11-4D9BEEEE1C98}.Release|x86.Build.0 = Release|Any CPU
		{304A784C-F9C8-4570-B513-0B337C2A9E35}.Debug|Any CPU.ActiveCfg = Debug|Any CPU
		{304A784C-F9C8-4570-B513-0B337C2A9E35}.Debug|Any CPU.Build.0 = Debug|Any CPU
		{304A784C-F9C8-4570-B513-0B337C2A9E35}.Debug|x86.ActiveCfg = Debug|Any CPU
		{304A784C-F9C8-4570-B513-0B337C2A9E35}.Debug|x86.Build.0 = Debug|Any CPU
		{304A784C-F9C8-4570-B513-0B337C2A9E35}.Release|Any CPU.ActiveCfg = Release|Any CPU
		{304A784C-F9C8-4570-B513-0B337C2A9E35}.Release|Any CPU.Build.0 = Release|Any CPU
		{304A784C-F9C8-4570-B513-0B337C2A9E35}.Release|x86.ActiveCfg = Release|Any CPU
		{304A784C-F9C8-4570-B513-0B337C2A9E35}.Release|x86.Build.0 = Release|Any CPU
		{16737E3E-18C3-437F-AC74-3DE9B838BDB9}.Debug|Any CPU.ActiveCfg = Debug|Any CPU
		{16737E3E-18C3-437F-AC74-3DE9B838BDB9}.Debug|Any CPU.Build.0 = Debug|Any CPU
		{16737E3E-18C3-437F-AC74-3DE9B838BDB9}.Debug|x86.ActiveCfg = Debug|Any CPU
		{16737E3E-18C3-437F-AC74-3DE9B838BDB9}.Debug|x86.Build.0 = Debug|Any CPU
		{16737E3E-18C3-437F-AC74-3DE9B838BDB9}.Release|Any CPU.ActiveCfg = Release|Any CPU
		{16737E3E-18C3-437F-AC74-3DE9B838BDB9}.Release|Any CPU.Build.0 = Release|Any CPU
		{16737E3E-18C3-437F-AC74-3DE9B838BDB9}.Release|x86.ActiveCfg = Release|Any CPU
		{16737E3E-18C3-437F-AC74-3DE9B838BDB9}.Release|x86.Build.0 = Release|Any CPU
		{3557C343-1EFA-48E2-AFC7-28F5B4FC2A8B}.Debug|Any CPU.ActiveCfg = Debug|Any CPU
		{3557C343-1EFA-48E2-AFC7-28F5B4FC2A8B}.Debug|Any CPU.Build.0 = Debug|Any CPU
		{3557C343-1EFA-48E2-AFC7-28F5B4FC2A8B}.Debug|x86.ActiveCfg = Debug|Any CPU
		{3557C343-1EFA-48E2-AFC7-28F5B4FC2A8B}.Debug|x86.Build.0 = Debug|Any CPU
		{3557C343-1EFA-48E2-AFC7-28F5B4FC2A8B}.Release|Any CPU.ActiveCfg = Release|Any CPU
		{3557C343-1EFA-48E2-AFC7-28F5B4FC2A8B}.Release|Any CPU.Build.0 = Release|Any CPU
		{3557C343-1EFA-48E2-AFC7-28F5B4FC2A8B}.Release|x86.ActiveCfg = Release|Any CPU
		{3557C343-1EFA-48E2-AFC7-28F5B4FC2A8B}.Release|x86.Build.0 = Release|Any CPU
		{99999999-9999-9999-9999-999999999999}.Debug|Any CPU.ActiveCfg = Debug|x86
		{99999999-9999-9999-9999-999999999999}.Debug|Any CPU.Build.0 = Debug|x86
		{99999999-9999-9999-9999-999999999999}.Debug|x86.ActiveCfg = Debug|x86
		{99999999-9999-9999-9999-999999999999}.Debug|x86.Build.0 = Debug|x86
		{99999999-9999-9999-9999-999999999999}.Release|Any CPU.ActiveCfg = Release|x86
		{99999999-9999-9999-9999-999999999999}.Release|Any CPU.Build.0 = Release|x86
		{99999999-9999-9999-9999-999999999999}.Release|x86.ActiveCfg = Release|x86
		{99999999-9999-9999-9999-999999999999}.Release|x86.Build.0 = Release|x86
		{2430B5F1-3D84-4ECC-9FC1-C79FEC2E7E0C}.Debug|Any CPU.ActiveCfg = Debug|Any CPU
		{2430B5F1-3D84-4ECC-9FC1-C79FEC2E7E0C}.Debug|Any CPU.Build.0 = Debug|Any CPU
		{2430B5F1-3D84-4ECC-9FC1-C79FEC2E7E0C}.Debug|x86.ActiveCfg = Debug|Any CPU
		{2430B5F1-3D84-4ECC-9FC1-C79FEC2E7E0C}.Debug|x86.Build.0 = Debug|Any CPU
		{2430B5F1-3D84-4ECC-9FC1-C79FEC2E7E0C}.Release|Any CPU.ActiveCfg = Release|Any CPU
		{2430B5F1-3D84-4ECC-9FC1-C79FEC2E7E0C}.Release|Any CPU.Build.0 = Release|Any CPU
		{2430B5F1-3D84-4ECC-9FC1-C79FEC2E7E0C}.Release|x86.ActiveCfg = Release|Any CPU
		{2430B5F1-3D84-4ECC-9FC1-C79FEC2E7E0C}.Release|x86.Build.0 = Release|Any CPU
		{96F7C6A3-BACB-42BC-9BCD-771EA705F376}.Debug|Any CPU.ActiveCfg = Debug|x86
		{96F7C6A3-BACB-42BC-9BCD-771EA705F376}.Debug|Any CPU.Build.0 = Debug|x86
		{96F7C6A3-BACB-42BC-9BCD-771EA705F376}.Debug|x86.ActiveCfg = Debug|x86
		{96F7C6A3-BACB-42BC-9BCD-771EA705F376}.Debug|x86.Build.0 = Debug|x86
		{96F7C6A3-BACB-42BC-9BCD-771EA705F376}.Release|Any CPU.ActiveCfg = Release|x86
		{96F7C6A3-BACB-42BC-9BCD-771EA705F376}.Release|Any CPU.Build.0 = Release|x86
		{96F7C6A3-BACB-42BC-9BCD-771EA705F376}.Release|x86.ActiveCfg = Release|x86
		{96F7C6A3-BACB-42BC-9BCD-771EA705F376}.Release|x86.Build.0 = Release|x86
		{66D2BD8B-250A-4E7C-AD44-47E2D4A94200}.Debug|Any CPU.ActiveCfg = Debug|Any CPU
		{66D2BD8B-250A-4E7C-AD44-47E2D4A94200}.Debug|Any CPU.Build.0 = Debug|Any CPU
		{66D2BD8B-250A-4E7C-AD44-47E2D4A94200}.Debug|x86.ActiveCfg = Debug|Any CPU
		{66D2BD8B-250A-4E7C-AD44-47E2D4A94200}.Debug|x86.Build.0 = Debug|Any CPU
		{66D2BD8B-250A-4E7C-AD44-47E2D4A94200}.Release|Any CPU.ActiveCfg = Release|Any CPU
		{66D2BD8B-250A-4E7C-AD44-47E2D4A94200}.Release|Any CPU.Build.0 = Release|Any CPU
		{66D2BD8B-250A-4E7C-AD44-47E2D4A94200}.Release|x86.ActiveCfg = Release|Any CPU
		{66D2BD8B-250A-4E7C-AD44-47E2D4A94200}.Release|x86.Build.0 = Release|Any CPU
		{5BBD82B3-9E54-471B-8BFE-0B5C28813336}.Debug|Any CPU.ActiveCfg = Debug|Any CPU
		{5BBD82B3-9E54-471B-8BFE-0B5C28813336}.Debug|Any CPU.Build.0 = Debug|Any CPU
		{5BBD82B3-9E54-471B-8BFE-0B5C28813336}.Debug|x86.ActiveCfg = Debug|Any CPU
		{5BBD82B3-9E54-471B-8BFE-0B5C28813336}.Debug|x86.Build.0 = Debug|Any CPU
		{5BBD82B3-9E54-471B-8BFE-0B5C28813336}.Release|Any CPU.ActiveCfg = Release|Any CPU
		{5BBD82B3-9E54-471B-8BFE-0B5C28813336}.Release|Any CPU.Build.0 = Release|Any CPU
		{5BBD82B3-9E54-471B-8BFE-0B5C28813336}.Release|x86.ActiveCfg = Release|Any CPU
		{5BBD82B3-9E54-471B-8BFE-0B5C28813336}.Release|x86.Build.0 = Release|Any CPU
		{D080C178-A4E4-4B0B-AAAB-2ACB2B92154B}.Debug|Any CPU.ActiveCfg = Debug|Any CPU
		{D080C178-A4E4-4B0B-AAAB-2ACB2B92154B}.Debug|Any CPU.Build.0 = Debug|Any CPU
		{D080C178-A4E4-4B0B-AAAB-2ACB2B92154B}.Debug|x86.ActiveCfg = Debug|Any CPU
		{D080C178-A4E4-4B0B-AAAB-2ACB2B92154B}.Debug|x86.Build.0 = Debug|Any CPU
		{D080C178-A4E4-4B0B-AAAB-2ACB2B92154B}.Release|Any CPU.ActiveCfg = Release|Any CPU
		{D080C178-A4E4-4B0B-AAAB-2ACB2B92154B}.Release|Any CPU.Build.0 = Release|Any CPU
		{D080C178-A4E4-4B0B-AAAB-2ACB2B92154B}.Release|x86.ActiveCfg = Release|Any CPU
		{D080C178-A4E4-4B0B-AAAB-2ACB2B92154B}.Release|x86.Build.0 = Release|Any CPU
		{6475C303-429B-434D-8B1E-8FCD0193C301}.Debug|Any CPU.ActiveCfg = Debug|x86
		{6475C303-429B-434D-8B1E-8FCD0193C301}.Debug|Any CPU.Build.0 = Debug|x86
		{6475C303-429B-434D-8B1E-8FCD0193C301}.Debug|x86.ActiveCfg = Debug|x86
		{6475C303-429B-434D-8B1E-8FCD0193C301}.Debug|x86.Build.0 = Debug|x86
		{6475C303-429B-434D-8B1E-8FCD0193C301}.Release|Any CPU.ActiveCfg = Release|x86
		{6475C303-429B-434D-8B1E-8FCD0193C301}.Release|Any CPU.Build.0 = Release|x86
		{6475C303-429B-434D-8B1E-8FCD0193C301}.Release|x86.ActiveCfg = Release|x86
		{6475C303-429B-434D-8B1E-8FCD0193C301}.Release|x86.Build.0 = Release|x86
		{5D702343-FB09-4B6A-B149-B531F890841A}.Debug|Any CPU.ActiveCfg = Debug|Any CPU
		{5D702343-FB09-4B6A-B149-B531F890841A}.Debug|Any CPU.Build.0 = Debug|Any CPU
		{5D702343-FB09-4B6A-B149-B531F890841A}.Debug|x86.ActiveCfg = Debug|Any CPU
		{5D702343-FB09-4B6A-B149-B531F890841A}.Debug|x86.Build.0 = Debug|Any CPU
		{5D702343-FB09-4B6A-B149-B531F890841A}.Release|Any CPU.ActiveCfg = Release|Any CPU
		{5D702343-FB09-4B6A-B149-B531F890841A}.Release|Any CPU.Build.0 = Release|Any CPU
		{5D702343-FB09-4B6A-B149-B531F890841A}.Release|x86.ActiveCfg = Release|Any CPU
		{5D702343-FB09-4B6A-B149-B531F890841A}.Release|x86.Build.0 = Release|Any CPU
		{2536366B-8AE4-46FF-9156-E6D4E52EEDE6}.Debug|Any CPU.ActiveCfg = Debug|Any CPU
		{2536366B-8AE4-46FF-9156-E6D4E52EEDE6}.Debug|Any CPU.Build.0 = Debug|Any CPU
		{2536366B-8AE4-46FF-9156-E6D4E52EEDE6}.Debug|x86.ActiveCfg = Debug|Any CPU
		{2536366B-8AE4-46FF-9156-E6D4E52EEDE6}.Debug|x86.Build.0 = Debug|Any CPU
		{2536366B-8AE4-46FF-9156-E6D4E52EEDE6}.Release|Any CPU.ActiveCfg = Release|Any CPU
		{2536366B-8AE4-46FF-9156-E6D4E52EEDE6}.Release|Any CPU.Build.0 = Release|Any CPU
		{2536366B-8AE4-46FF-9156-E6D4E52EEDE6}.Release|x86.ActiveCfg = Release|Any CPU
		{2536366B-8AE4-46FF-9156-E6D4E52EEDE6}.Release|x86.Build.0 = Release|Any CPU
		{A5AE1F5F-0BFA-46D2-B47B-221B7DDE07F7}.Debug|Any CPU.ActiveCfg = Debug|Any CPU
		{A5AE1F5F-0BFA-46D2-B47B-221B7DDE07F7}.Debug|Any CPU.Build.0 = Debug|Any CPU
		{A5AE1F5F-0BFA-46D2-B47B-221B7DDE07F7}.Debug|x86.ActiveCfg = Debug|Any CPU
		{A5AE1F5F-0BFA-46D2-B47B-221B7DDE07F7}.Debug|x86.Build.0 = Debug|Any CPU
		{A5AE1F5F-0BFA-46D2-B47B-221B7DDE07F7}.Release|Any CPU.ActiveCfg = Release|Any CPU
		{A5AE1F5F-0BFA-46D2-B47B-221B7DDE07F7}.Release|Any CPU.Build.0 = Release|Any CPU
		{A5AE1F5F-0BFA-46D2-B47B-221B7DDE07F7}.Release|x86.ActiveCfg = Release|Any CPU
		{A5AE1F5F-0BFA-46D2-B47B-221B7DDE07F7}.Release|x86.Build.0 = Release|Any CPU
		{D2981801-820E-4DFF-8D2F-B0065B3A63FE}.Debug|Any CPU.ActiveCfg = Debug|Any CPU
		{D2981801-820E-4DFF-8D2F-B0065B3A63FE}.Debug|Any CPU.Build.0 = Debug|Any CPU
		{D2981801-820E-4DFF-8D2F-B0065B3A63FE}.Debug|x86.ActiveCfg = Debug|Any CPU
		{D2981801-820E-4DFF-8D2F-B0065B3A63FE}.Debug|x86.Build.0 = Debug|Any CPU
		{D2981801-820E-4DFF-8D2F-B0065B3A63FE}.Release|Any CPU.ActiveCfg = Release|Any CPU
		{D2981801-820E-4DFF-8D2F-B0065B3A63FE}.Release|Any CPU.Build.0 = Release|Any CPU
		{D2981801-820E-4DFF-8D2F-B0065B3A63FE}.Release|x86.ActiveCfg = Release|Any CPU
		{D2981801-820E-4DFF-8D2F-B0065B3A63FE}.Release|x86.Build.0 = Release|Any CPU
		{07A9AF18-E92D-45C6-B8C0-8DC77B53E384}.Debug|Any CPU.ActiveCfg = Debug|Any CPU
		{07A9AF18-E92D-45C6-B8C0-8DC77B53E384}.Debug|Any CPU.Build.0 = Debug|Any CPU
		{07A9AF18-E92D-45C6-B8C0-8DC77B53E384}.Debug|x86.ActiveCfg = Debug|Any CPU
		{07A9AF18-E92D-45C6-B8C0-8DC77B53E384}.Debug|x86.Build.0 = Debug|Any CPU
		{07A9AF18-E92D-45C6-B8C0-8DC77B53E384}.Release|Any CPU.ActiveCfg = Release|Any CPU
		{07A9AF18-E92D-45C6-B8C0-8DC77B53E384}.Release|Any CPU.Build.0 = Release|Any CPU
		{07A9AF18-E92D-45C6-B8C0-8DC77B53E384}.Release|x86.ActiveCfg = Release|Any CPU
		{07A9AF18-E92D-45C6-B8C0-8DC77B53E384}.Release|x86.Build.0 = Release|Any CPU
		{580896B9-8AF6-48BF-8705-A2C8F290B743}.Debug|Any CPU.ActiveCfg = Debug|Any CPU
		{580896B9-8AF6-48BF-8705-A2C8F290B743}.Debug|Any CPU.Build.0 = Debug|Any CPU
		{580896B9-8AF6-48BF-8705-A2C8F290B743}.Debug|x86.ActiveCfg = Debug|Any CPU
		{580896B9-8AF6-48BF-8705-A2C8F290B743}.Debug|x86.Build.0 = Debug|Any CPU
		{580896B9-8AF6-48BF-8705-A2C8F290B743}.Release|Any CPU.ActiveCfg = Release|Any CPU
		{580896B9-8AF6-48BF-8705-A2C8F290B743}.Release|Any CPU.Build.0 = Release|Any CPU
		{580896B9-8AF6-48BF-8705-A2C8F290B743}.Release|x86.ActiveCfg = Release|Any CPU
		{580896B9-8AF6-48BF-8705-A2C8F290B743}.Release|x86.Build.0 = Release|Any CPU
	EndGlobalSection
	GlobalSection(SolutionProperties) = preSolution
		HideSolutionNode = FALSE
	EndGlobalSection
	GlobalSection(NestedProjects) = preSolution
		{D32A205C-5537-43EF-9FEA-94C089B644B4} = {93170552-5ADE-4715-A2AC-CFBBF81BD4D5}
		{5A1BDDDB-F879-4FCB-B67A-5EE2E1A417A9} = {D32A205C-5537-43EF-9FEA-94C089B644B4}
		{14EF9C2B-D6F8-4A81-A8DE-07E6FF16F2AC} = {93170552-5ADE-4715-A2AC-CFBBF81BD4D5}
		{C4AFDF62-A244-4574-94EB-47493C698838} = {93170552-5ADE-4715-A2AC-CFBBF81BD4D5}
		{CB6592B1-B0E6-4590-B82C-C28D0FBD20A1} = {C4AFDF62-A244-4574-94EB-47493C698838}
		{C02880A3-4CFF-431E-ABC1-DAE86A1E7E3C} = {93170552-5ADE-4715-A2AC-CFBBF81BD4D5}
		{E23FEC87-64AD-4510-8848-518D8FF33F81} = {C02880A3-4CFF-431E-ABC1-DAE86A1E7E3C}
		{1BEF25D7-F7A5-4A51-B5C9-C06BB4131032} = {C02880A3-4CFF-431E-ABC1-DAE86A1E7E3C}
		{3C82F7E9-F5FE-443C-BAD9-D7686B335AA1} = {C02880A3-4CFF-431E-ABC1-DAE86A1E7E3C}
		{2B80BE24-1F0C-4349-BF78-536DFBD3EFF3} = {3C82F7E9-F5FE-443C-BAD9-D7686B335AA1}
		{A7843793-E23B-488D-8CFC-EF40D1FA8821} = {1BEF25D7-F7A5-4A51-B5C9-C06BB4131032}
		{9AC46E04-4FA1-447B-B626-0F00AFF2657C} = {A7843793-E23B-488D-8CFC-EF40D1FA8821}
		{BE2E3259-C28D-4450-B2CA-B8FA3BB42FC8} = {93170552-5ADE-4715-A2AC-CFBBF81BD4D5}
		{D53FED0C-AF7A-42E6-90EA-688426B9DA2B} = {BE2E3259-C28D-4450-B2CA-B8FA3BB42FC8}
		{488328B2-D206-49A5-9D21-F6C509FD6167} = {1BEF25D7-F7A5-4A51-B5C9-C06BB4131032}
		{9BD2635D-315C-44DF-8D73-C32F5BD5FFE9} = {488328B2-D206-49A5-9D21-F6C509FD6167}
		{34539908-F024-4407-B683-8DA5595D99C3} = {9BD2635D-315C-44DF-8D73-C32F5BD5FFE9}
		{BA38BD3F-AC5C-43B1-A8A0-08631C05D876} = {9BD2635D-315C-44DF-8D73-C32F5BD5FFE9}
		{37F30018-44CB-41F5-8506-20B0DC8ED2A0} = {488328B2-D206-49A5-9D21-F6C509FD6167}
		{1211D2E8-04B4-470D-85E1-D5F5F5C245D2} = {3C82F7E9-F5FE-443C-BAD9-D7686B335AA1}
		{D5B9DAB1-D221-4D3C-A1AB-92D9F24A00C1} = {C4AFDF62-A244-4574-94EB-47493C698838}
		{61908A6D-662F-45B6-9526-878730A86DCF} = {488328B2-D206-49A5-9D21-F6C509FD6167}
		{CAA41441-1A88-499E-943A-CC46C5D77FAC} = {A7843793-E23B-488D-8CFC-EF40D1FA8821}
		{467AE75A-7B28-44CF-AF0B-37E68E9D4EB9} = {A7843793-E23B-488D-8CFC-EF40D1FA8821}
		{AF7F2A9A-2A25-4637-AE68-14D59FDFF8B2} = {A7843793-E23B-488D-8CFC-EF40D1FA8821}
		{82CC88FE-33FC-4CD1-BA4B-86ACA10988A9} = {C02880A3-4CFF-431E-ABC1-DAE86A1E7E3C}
		{CF144A10-D79B-4B5B-860E-94BE13C6B0D9} = {93170552-5ADE-4715-A2AC-CFBBF81BD4D5}
		{728CA707-9D03-4C65-AA25-6B0E600E865C} = {CF144A10-D79B-4B5B-860E-94BE13C6B0D9}
		{B0B1485E-2562-4E97-8FEB-5F6D6DB9EFF5} = {CF144A10-D79B-4B5B-860E-94BE13C6B0D9}
		{3F5A9E4D-F53D-4C4F-BC7F-7CA0EA6353E3} = {488328B2-D206-49A5-9D21-F6C509FD6167}
		{AAD0A45E-EF59-43DF-A650-D9BE24663589} = {93170552-5ADE-4715-A2AC-CFBBF81BD4D5}
		{4E0B51FD-23D3-40A8-BB31-4C65955B1E96} = {AAD0A45E-EF59-43DF-A650-D9BE24663589}
		{3A4013D2-543E-4D7F-A31F-7CFA729EE103} = {AAD0A45E-EF59-43DF-A650-D9BE24663589}
		{DF16ECAF-B933-4994-BA72-3C91AB062526} = {AAD0A45E-EF59-43DF-A650-D9BE24663589}
		{1102BD5B-70D6-4854-BA11-4D9BEEEE1C98} = {AAD0A45E-EF59-43DF-A650-D9BE24663589}
		{AF41FBA1-7925-4E25-9E9D-3596678CE12B} = {AAD0A45E-EF59-43DF-A650-D9BE24663589}
		{39744DA5-FCC3-4689-B01D-88CB81B2EF40} = {AF41FBA1-7925-4E25-9E9D-3596678CE12B}
		{304A784C-F9C8-4570-B513-0B337C2A9E35} = {39744DA5-FCC3-4689-B01D-88CB81B2EF40}
		{16737E3E-18C3-437F-AC74-3DE9B838BDB9} = {39744DA5-FCC3-4689-B01D-88CB81B2EF40}
		{3557C343-1EFA-48E2-AFC7-28F5B4FC2A8B} = {AF41FBA1-7925-4E25-9E9D-3596678CE12B}
		{99999999-9999-9999-9999-999999999999} = {AF41FBA1-7925-4E25-9E9D-3596678CE12B}
		{2430B5F1-3D84-4ECC-9FC1-C79FEC2E7E0C} = {AF41FBA1-7925-4E25-9E9D-3596678CE12B}
		{96F7C6A3-BACB-42BC-9BCD-771EA705F376} = {AAD0A45E-EF59-43DF-A650-D9BE24663589}
		{66D2BD8B-250A-4E7C-AD44-47E2D4A94200} = {AF41FBA1-7925-4E25-9E9D-3596678CE12B}
		{99C3DDDC-888B-492A-A522-6EB8D43F5480} = {93170552-5ADE-4715-A2AC-CFBBF81BD4D5}
		{36C2DB19-FE4E-4647-BE45-F8F365545CA4} = {99C3DDDC-888B-492A-A522-6EB8D43F5480}
		{5BBD82B3-9E54-471B-8BFE-0B5C28813336} = {36C2DB19-FE4E-4647-BE45-F8F365545CA4}
		{D080C178-A4E4-4B0B-AAAB-2ACB2B92154B} = {14EF9C2B-D6F8-4A81-A8DE-07E6FF16F2AC}
		{6475C303-429B-434D-8B1E-8FCD0193C301} = {F36498B9-E361-4554-A7F8-B85341AD0F6F}
		{5D702343-FB09-4B6A-B149-B531F890841A} = {F36498B9-E361-4554-A7F8-B85341AD0F6F}
		{F36498B9-E361-4554-A7F8-B85341AD0F6F} = {93170552-5ADE-4715-A2AC-CFBBF81BD4D5}
		{D24C1CB6-192B-44E3-A3B0-F74FD911ECD3} = {99C3DDDC-888B-492A-A522-6EB8D43F5480}
		{2536366B-8AE4-46FF-9156-E6D4E52EEDE6} = {D24C1CB6-192B-44E3-A3B0-F74FD911ECD3}
		{A5AE1F5F-0BFA-46D2-B47B-221B7DDE07F7} = {F36498B9-E361-4554-A7F8-B85341AD0F6F}
		{D2981801-820E-4DFF-8D2F-B0065B3A63FE} = {CF144A10-D79B-4B5B-860E-94BE13C6B0D9}
		{A30C2695-6BAB-4ED8-ADA2-2AB34442834A} = {93170552-5ADE-4715-A2AC-CFBBF81BD4D5}
		{07A9AF18-E92D-45C6-B8C0-8DC77B53E384} = {A30C2695-6BAB-4ED8-ADA2-2AB34442834A}
		{580896B9-8AF6-48BF-8705-A2C8F290B743} = {A30C2695-6BAB-4ED8-ADA2-2AB34442834A}
	EndGlobalSection
	GlobalSection(ExtensibilityGlobals) = postSolution
		SolutionGuid = {22C60BB7-5682-4EB5-9983-271E00C10231}
	EndGlobalSection
EndGlobal